
Microsoft Visual Studio Solution File, Format Version 12.00
# Visual Studio Version 16
VisualStudioVersion = 16.0.32602.290
MinimumVisualStudioVersion = 10.0.40219.1
Project("{FAE04EC0-301F-11D3-BF4B-00C04F79EFBC}") = "Tema2-CalculadoraBasica", "Tema2-CalculadoraBasica\Tema2-CalculadoraBasica.csproj", "{D027173C-5066-4D59-B05F-3DE9F82812E2}"
EndProject
Global
	GlobalSection(SolutionConfigurationPlatforms) = preSolution
		Debug|Any CPU = Debug|Any CPU
		Release|Any CPU = Release|Any CPU
	EndGlobalSection
	GlobalSection(ProjectConfigurationPlatforms) = postSolution
		{D027173C-5066-4D59-B05F-3DE9F82812E2}.Debug|Any CPU.ActiveCfg = Debug|Any CPU
		{D027173C-5066-4D59-B05F-3DE9F82812E2}.Debug|Any CPU.Build.0 = Debug|Any CPU
		{D027173C-5066-4D59-B05F-3DE9F82812E2}.Release|Any CPU.ActiveCfg = Release|Any CPU
		{D027173C-5066-4D59-B05F-3DE9F82812E2}.Release|Any CPU.Build.0 = Release|Any CPU
	EndGlobalSection
	GlobalSection(SolutionProperties) = preSolution
		HideSolutionNode = FALSE
	EndGlobalSection
	GlobalSection(ExtensibilityGlobals) = postSolution
		SolutionGuid = {272A0DD4-A1A9-4500-BF76-DD61AC366753}
	EndGlobalSection
EndGlobal
